
Microsoft Visual Studio Solution File, Format Version 12.00
# Visual Studio 15
VisualStudioVersion = 15.0.28010.2026
MinimumVisualStudioVersion = 10.0.40219.1
Project("{8BC9CEB8-8B4A-11D0-8D11-00A0C91BC942}") = "camera test2", "camera test2\camera test2.vcxproj", "{AA3A2585-B71C-4B43-9B18-483DE3A4CAC1}"
EndProject
Global
	GlobalSection(SolutionConfigurationPlatforms) = preSolution
		Debug|x64 = Debug|x64
		Debug|x86 = Debug|x86
		Release|x64 = Release|x64
		Release|x86 = Release|x86
	EndGlobalSection
	GlobalSection(ProjectConfigurationPlatforms) = postSolution
		{AA3A2585-B71C-4B43-9B18-483DE3A4CAC1}.Debug|x64.ActiveCfg = Debug|x64
		{AA3A2585-B71C-4B43-9B18-483DE3A4CAC1}.Debug|x64.Build.0 = Debug|x64
		{AA3A2585-B71C-4B43-9B18-483DE3A4CAC1}.Debug|x86.ActiveCfg = Debug|Win32
		{AA3A2585-B71C-4B43-9B18-483DE3A4CAC1}.Debug|x86.Build.0 = Debug|Win32
		{AA3A2585-B71C-4B43-9B18-483DE3A4CAC1}.Release|x64.ActiveCfg = Release|x64
		{AA3A2585-B71C-4B43-9B18-483DE3A4CAC1}.Release|x64.Build.0 = Release|x64
		{AA3A2585-B71C-4B43-9B18-483DE3A4CAC1}.Release|x86.ActiveCfg = Release|Win32
		{AA3A2585-B71C-4B43-9B18-483DE3A4CAC1}.Release|x86.Build.0 = Release|Win32
	EndGlobalSection
	GlobalSection(SolutionProperties) = preSolution
		HideSolutionNode = FALSE
	EndGlobalSection
	GlobalSection(ExtensibilityGlobals) = postSolution
		SolutionGuid = {25EC3580-5FC4-4877-AE1B-D37B6BBF8DA0}
	EndGlobalSection
EndGlobal
